// !$*UTF8*$!
{
	archiveVersion = 1;
	classes = {
	};
	objectVersion = 77;
	objects = {

/* Begin PBXContainerItemProxy section */
		604816242CBE56B1009D37EA /* PBXContainerItemProxy */ = {
			isa = PBXContainerItemProxy;
			containerPortal = 6048160B2CBE56AF009D37EA /* Project object */;
			proxyType = 1;
			remoteGlobalIDString = 604816122CBE56AF009D37EA;
			remoteInfo = SwiftDay5Basics;
		};
		6048162E2CBE56B1009D37EA /* PBXContainerItemProxy */ = {
			isa = PBXContainerItemProxy;
			containerPortal = 6048160B2CBE56AF009D37EA /* Project object */;
			proxyType = 1;
			remoteGlobalIDString = 604816122CBE56AF009D37EA;
			remoteInfo = SwiftDay5Basics;
		};
/* End PBXContainerItemProxy section */

/* Begin PBXFileReference section */
		604816132CBE56AF009D37EA /* SwiftDay5Basics.app */ = {isa = PBXFileReference; explicitFileType = wrapper.application; includeInIndex = 0; path = SwiftDay5Basics.app; sourceTree = BUILT_PRODUCTS_DIR; };
		604816232CBE56B1009D37EA /* SwiftDay5BasicsTests.xctest */ = {isa = PBXFileReference; explicitFileType = wrapper.cfbundle; includeInIndex = 0; path = SwiftDay5BasicsTests.xctest; sourceTree = BUILT_PRODUCTS_DIR; };
		6048162D2CBE56B1009D37EA /* SwiftDay5BasicsUITests.xctest */ = {isa = PBXFileReference; explicitFileType = wrapper.cfbundle; includeInIndex = 0; path = SwiftDay5BasicsUITests.xctest; sourceTree = BUILT_PRODUCTS_DIR; };
/* End PBXFileReference section */

/* Begin PBXFileSystemSynchronizedRootGroup section */
		604816152CBE56AF009D37EA /* SwiftDay5Basics */ = {
			isa = PBXFileSystemSynchronizedRootGroup;
			path = SwiftDay5Basics;
			sourceTree = "<group>";
		};
		604816262CBE56B1009D37EA /* SwiftDay5BasicsTests */ = {
			isa = PBXFileSystemSynchronizedRootGroup;
			path = SwiftDay5BasicsTests;
			sourceTree = "<group>";
		};
		604816302CBE56B1009D37EA /* SwiftDay5BasicsUITests */ = {
			isa = PBXFileSystemSynchronizedRootGroup;
			path = SwiftDay5BasicsUITests;
			sourceTree = "<group>";
		};
/* End PBXFileSystemSynchronizedRootGroup section */

/* Begin PBXFrameworksBuildPhase section */
		604816102CBE56AF009D37EA /* Frameworks */ = {
			isa = PBXFrameworksBuildPhase;
			buildActionMask = 2147483647;
			files = (
			);
			runOnlyForDeploymentPostprocessing = 0;
		};
		604816202CBE56B1009D37EA /* Frameworks */ = {
			isa = PBXFrameworksBuildPhase;
			buildActionMask = 2147483647;
			files = (
			);
			runOnlyForDeploymentPostprocessing = 0;
		};
		6048162A2CBE56B1009D37EA /* Frameworks */ = {
			isa = PBXFrameworksBuildPhase;
			buildActionMask = 2147483647;
			files = (
			);
			runOnlyForDeploymentPostprocessing = 0;
		};
/* End PBXFrameworksBuildPhase section */

/* Begin PBXGroup section */
		6048160A2CBE56AF009D37EA = {
			isa = PBXGroup;
			children = (
				604816152CBE56AF009D37EA /* SwiftDay5Basics */,
				604816262CBE56B1009D37EA /* SwiftDay5BasicsTests */,
				604816302CBE56B1009D37EA /* SwiftDay5BasicsUITests */,
				604816142CBE56AF009D37EA /* Products */,
			);
			sourceTree = "<group>";
		};
		604816142CBE56AF009D37EA /* Products */ = {
			isa = PBXGroup;
			children = (
				604816132CBE56AF009D37EA /* SwiftDay5Basics.app */,
				604816232CBE56B1009D37EA /* SwiftDay5BasicsTests.xctest */,
				6048162D2CBE56B1009D37EA /* SwiftDay5BasicsUITests.xctest */,
			);
			name = Products;
			sourceTree = "<group>";
		};
/* End PBXGroup section */

/* Begin PBXNativeTarget section */
		604816122CBE56AF009D37EA /* SwiftDay5Basics */ = {
			isa = PBXNativeTarget;
			buildConfigurationList = 604816372CBE56B1009D37EA /* Build configuration list for PBXNativeTarget "SwiftDay5Basics" */;
			buildPhases = (
				6048160F2CBE56AF009D37EA /* Sources */,
				604816102CBE56AF009D37EA /* Frameworks */,
				604816112CBE56AF009D37EA /* Resources */,
			);
			buildRules = (
			);
			dependencies = (
			);
			fileSystemSynchronizedGroups = (
				604816152CBE56AF009D37EA /* SwiftDay5Basics */,
			);
			name = SwiftDay5Basics;
			packageProductDependencies = (
			);
			productName = SwiftDay5Basics;
			productReference = 604816132CBE56AF009D37EA /* SwiftDay5Basics.app */;
			productType = "com.apple.product-type.application";
		};
		604816222CBE56B1009D37EA /* SwiftDay5BasicsTests */ = {
			isa = PBXNativeTarget;
			buildConfigurationList = 6048163A2CBE56B1009D37EA /* Build configuration list for PBXNativeTarget "SwiftDay5BasicsTests" */;
			buildPhases = (
				6048161F2CBE56B1009D37EA /* Sources */,
				604816202CBE56B1009D37EA /* Frameworks */,
				604816212CBE56B1009D37EA /* Resources */,
			);
			buildRules = (
			);
			dependencies = (
				604816252CBE56B1009D37EA /* PBXTargetDependency */,
			);
			fileSystemSynchronizedGroups = (
				604816262CBE56B1009D37EA /* SwiftDay5BasicsTests */,
			);
			name = SwiftDay5BasicsTests;
			packageProductDependencies = (
			);
			productName = SwiftDay5BasicsTests;
			productReference = 604816232CBE56B1009D37EA /* SwiftDay5BasicsTests.xctest */;
			productType = "com.apple.product-type.bundle.unit-test";
		};
		6048162C2CBE56B1009D37EA /* SwiftDay5BasicsUITests */ = {
			isa = PBXNativeTarget;
			buildConfigurationList = 6048163D2CBE56B1009D37EA /* Build configuration list for PBXNativeTarget "SwiftDay5BasicsUITests" */;
			buildPhases = (
				604816292CBE56B1009D37EA /* Sources */,
				6048162A2CBE56B1009D37EA /* Frameworks */,
				6048162B2CBE56B1009D37EA /* Resources */,
			);
			buildRules = (
			);
			dependencies = (
				6048162F2CBE56B1009D37EA /* PBXTargetDependency */,
			);
			fileSystemSynchronizedGroups = (
				604816302CBE56B1009D37EA /* SwiftDay5BasicsUITests */,
			);
			name = SwiftDay5BasicsUITests;
			packageProductDependencies = (
			);
			productName = SwiftDay5BasicsUITests;
			productReference = 6048162D2CBE56B1009D37EA /* SwiftDay5BasicsUITests.xctest */;
			productType = "com.apple.product-type.bundle.ui-testing";
		};
/* End PBXNativeTarget section */

/* Begin PBXProject section */
		6048160B2CBE56AF009D37EA /* Project object */ = {
			isa = PBXProject;
			attributes = {
				BuildIndependentTargetsInParallel = 1;
				LastSwiftUpdateCheck = 1600;
				LastUpgradeCheck = 1600;
				TargetAttributes = {
					604816122CBE56AF009D37EA = {
						CreatedOnToolsVersion = 16.0;
					};
					604816222CBE56B1009D37EA = {
						CreatedOnToolsVersion = 16.0;
						TestTargetID = 604816122CBE56AF009D37EA;
					};
					6048162C2CBE56B1009D37EA = {
						CreatedOnToolsVersion = 16.0;
						TestTargetID = 604816122CBE56AF009D37EA;
					};
				};
			};
			buildConfigurationList = 6048160E2CBE56AF009D37EA /* Build configuration list for PBXProject "SwiftDay5Basics" */;
			developmentRegion = en;
			hasScannedForEncodings = 0;
			knownRegions = (
				en,
				Base,
			);
			mainGroup = 6048160A2CBE56AF009D37EA;
			minimizedProjectReferenceProxies = 1;
			preferredProjectObjectVersion = 77;
			productRefGroup = 604816142CBE56AF009D37EA /* Products */;
			projectDirPath = "";
			projectRoot = "";
			targets = (
				604816122CBE56AF009D37EA /* SwiftDay5Basics */,
				604816222CBE56B1009D37EA /* SwiftDay5BasicsTests */,
				6048162C2CBE56B1009D37EA /* SwiftDay5BasicsUITests */,
			);
		};
/* End PBXProject section */

/* Begin PBXResourcesBuildPhase section */
		604816112CBE56AF009D37EA /* Resources */ = {
			isa = PBXResourcesBuildPhase;
			buildActionMask = 2147483647;
			files = (
			);
			runOnlyForDeploymentPostprocessing = 0;
		};
		604816212CBE56B1009D37EA /* Resources */ = {
			isa = PBXResourcesBuildPhase;
			buildActionMask = 2147483647;
			files = (
			);
			runOnlyForDeploymentPostprocessing = 0;
		};
		6048162B2CBE56B1009D37EA /* Resources */ = {
			isa = PBXResourcesBuildPhase;
			buildActionMask = 2147483647;
			files = (
			);
			runOnlyForDeploymentPostprocessing = 0;
		};
/* End PBXResourcesBuildPhase section */

/* Begin PBXSourcesBuildPhase section */
		6048160F2CBE56AF009D37EA /* Sources */ = {
			isa = PBXSourcesBuildPhase;
			buildActionMask = 2147483647;
			files = (
			);
			runOnlyForDeploymentPostprocessing = 0;
		};
		6048161F2CBE56B1009D37EA /* Sources */ = {
			isa = PBXSourcesBuildPhase;
			buildActionMask = 2147483647;
			files = (
			);
			runOnlyForDeploymentPostprocessing = 0;
		};
		604816292CBE56B1009D37EA /* Sources */ = {
			isa = PBXSourcesBuildPhase;
			buildActionMask = 2147483647;
			files = (
			);
			runOnlyForDeploymentPostprocessing = 0;
		};
/* End PBXSourcesBuildPhase section */

/* Begin PBXTargetDependency section */
		604816252CBE56B1009D37EA /* PBXTargetDependency */ = {
			isa = PBXTargetDependency;
			target = 604816122CBE56AF009D37EA /* SwiftDay5Basics */;
			targetProxy = 604816242CBE56B1009D37EA /* PBXContainerItemProxy */;
		};
		6048162F2CBE56B1009D37EA /* PBXTargetDependency */ = {
			isa = PBXTargetDependency;
			target = 604816122CBE56AF009D37EA /* SwiftDay5Basics */;
			targetProxy = 6048162E2CBE56B1009D37EA /* PBXContainerItemProxy */;
		};
/* End PBXTargetDependency section */

/* Begin XCBuildConfiguration section */
		604816352CBE56B1009D37EA /* Debug */ = {
			isa = XCBuildConfiguration;
			buildSettings = {
				ALWAYS_SEARCH_USER_PATHS = NO;
				ASSETCATALOG_COMPILER_GENERATE_SWIFT_ASSET_SYMBOL_EXTENSIONS = YES;
				CLANG_ANALYZER_NONNULL = YES;
				CLANG_ANALYZER_NUMBER_OBJECT_CONVERSION = YES_AGGRESSIVE;
				CLANG_CXX_LANGUAGE_STANDARD = "gnu++20";
				CLANG_ENABLE_MODULES = YES;
				CLANG_ENABLE_OBJC_ARC = YES;
				CLANG_ENABLE_OBJC_WEAK = YES;
				CLANG_WARN_BLOCK_CAPTURE_AUTORELEASING = YES;
				CLANG_WARN_BOOL_CONVERSION = YES;
				CLANG_WARN_COMMA = YES;
				CLANG_WARN_CONSTANT_CONVERSION = YES;
				CLANG_WARN_DEPRECATED_OBJC_IMPLEMENTATIONS = YES;
				CLANG_WARN_DIRECT_OBJC_ISA_USAGE = YES_ERROR;
				CLANG_WARN_DOCUMENTATION_COMMENTS = YES;
				CLANG_WARN_EMPTY_BODY = YES;
				CLANG_WARN_ENUM_CONVERSION = YES;
				CLANG_WARN_INFINITE_RECURSION = YES;
				CLANG_WARN_INT_CONVERSION = YES;
				CLANG_WARN_NON_LITERAL_NULL_CONVERSION = YES;
				CLANG_WARN_OBJC_IMPLICIT_RETAIN_SELF = YES;
				CLANG_WARN_OBJC_LITERAL_CONVERSION = YES;
				CLANG_WARN_OBJC_ROOT_CLASS = YES_ERROR;
				CLANG_WARN_QUOTED_INCLUDE_IN_FRAMEWORK_HEADER = YES;
				CLANG_WARN_RANGE_LOOP_ANALYSIS = YES;
				CLANG_WARN_STRICT_PROTOTYPES = YES;
				CLANG_WARN_SUSPICIOUS_MOVE = YES;
				CLANG_WARN_UNGUARDED_AVAILABILITY = YES_AGGRESSIVE;
				CLANG_WARN_UNREACHABLE_CODE = YES;
				CLANG_WARN__DUPLICATE_METHOD_MATCH = YES;
				COPY_PHASE_STRIP = NO;
				DEBUG_INFORMATION_FORMAT = dwarf;
				ENABLE_STRICT_OBJC_MSGSEND = YES;
				ENABLE_TESTABILITY = YES;
				ENABLE_USER_SCRIPT_SANDBOXING = YES;
				GCC_C_LANGUAGE_STANDARD = gnu17;
				GCC_DYNAMIC_NO_PIC = NO;
				GCC_NO_COMMON_BLOCKS = YES;
				GCC_OPTIMIZATION_LEVEL = 0;
				GCC_PREPROCESSOR_DEFINITIONS = (
					"DEBUG=1",
					"$(inherited)",
				);
				GCC_WARN_64_TO_32_BIT_CONVERSION = YES;
				GCC_WARN_ABOUT_RETURN_TYPE = YES_ERROR;
				GCC_WARN_UNDECLARED_SELECTOR = YES;
				GCC_WARN_UNINITIALIZED_AUTOS = YES_AGGRESSIVE;
				GCC_WARN_UNUSED_FUNCTION = YES;
				GCC_WARN_UNUSED_VARIABLE = YES;
				IPHONEOS_DEPLOYMENT_TARGET = 18.0;
				LOCALIZATION_PREFERS_STRING_CATALOGS = YES;
				MTL_ENABLE_DEBUG_INFO = INCLUDE_SOURCE;
				MTL_FAST_MATH = YES;
				ONLY_ACTIVE_ARCH = YES;
				SDKROOT = iphoneos;
				SWIFT_ACTIVE_COMPILATION_CONDITIONS = "DEBUG $(inherited)";
				SWIFT_OPTIMIZATION_LEVEL = "-Onone";
			};
			name = Debug;
		};
		604816362CBE56B1009D37EA /* Release */ = {
			isa = XCBuildConfiguration;
			buildSettings = {
				ALWAYS_SEARCH_USER_PATHS = NO;
				ASSETCATALOG_COMPILER_GENERATE_SWIFT_ASSET_SYMBOL_EXTENSIONS = YES;
				CLANG_ANALYZER_NONNULL = YES;
				CLANG_ANALYZER_NUMBER_OBJECT_CONVERSION = YES_AGGRESSIVE;
				CLANG_CXX_LANGUAGE_STANDARD = "gnu++20";
				CLANG_ENABLE_MODULES = YES;
				CLANG_ENABLE_OBJC_ARC = YES;
				CLANG_ENABLE_OBJC_WEAK = YES;
				CLANG_WARN_BLOCK_CAPTURE_AUTORELEASING = YES;
				CLANG_WARN_BOOL_CONVERSION = YES;
				CLANG_WARN_COMMA = YES;
				CLANG_WARN_CONSTANT_CONVERSION = YES;
				CLANG_WARN_DEPRECATED_OBJC_IMPLEMENTATIONS = YES;
				CLANG_WARN_DIRECT_OBJC_ISA_USAGE = YES_ERROR;
				CLANG_WARN_DOCUMENTATION_COMMENTS = YES;
				CLANG_WARN_EMPTY_BODY = YES;
				CLANG_WARN_ENUM_CONVERSION = YES;
				CLANG_WARN_INFINITE_RECURSION = YES;
				CLANG_WARN_INT_CONVERSION = YES;
				CLANG_WARN_NON_LITERAL_NULL_CONVERSION = YES;
				CLANG_WARN_OBJC_IMPLICIT_RETAIN_SELF = YES;
				CLANG_WARN_OBJC_LITERAL_CONVERSION = YES;
				CLANG_WARN_OBJC_ROOT_CLASS = YES_ERROR;
				CLANG_WARN_QUOTED_INCLUDE_IN_FRAMEWORK_HEADER = YES;
				CLANG_WARN_RANGE_LOOP_ANALYSIS = YES;
				CLANG_WARN_STRICT_PROTOTYPES = YES;
				CLANG_WARN_SUSPICIOUS_MOVE = YES;
				CLANG_WARN_UNGUARDED_AVAILABILITY = YES_AGGRESSIVE;
				CLANG_WARN_UNREACHABLE_CODE = YES;
				CLANG_WARN__DUPLICATE_METHOD_MATCH = YES;
				COPY_PHASE_STRIP = NO;
				DEBUG_INFORMATION_FORMAT = "dwarf-with-dsym";
				ENABLE_NS_ASSERTIONS = NO;
				ENABLE_STRICT_OBJC_MSGSEND = YES;
				ENABLE_USER_SCRIPT_SANDBOXING = YES;
				GCC_C_LANGUAGE_STANDARD = gnu17;
				GCC_NO_COMMON_BLOCKS = YES;
				GCC_WARN_64_TO_32_BIT_CONVERSION = YES;
				GCC_WARN_ABOUT_RETURN_TYPE = YES_ERROR;
				GCC_WARN_UNDECLARED_SELECTOR = YES;
				GCC_WARN_UNINITIALIZED_AUTOS = YES_AGGRESSIVE;
				GCC_WARN_UNUSED_FUNCTION = YES;
				GCC_WARN_UNUSED_VARIABLE = YES;
				IPHONEOS_DEPLOYMENT_TARGET = 18.0;
				LOCALIZATION_PREFERS_STRING_CATALOGS = YES;
				MTL_ENABLE_DEBUG_INFO = NO;
				MTL_FAST_MATH = YES;
				SDKROOT = iphoneos;
				SWIFT_COMPILATION_MODE = wholemodule;
				VALIDATE_PRODUCT = YES;
			};
			name = Release;
		};
		604816382CBE56B1009D37EA /* Debug */ = {
			isa = XCBuildConfiguration;
			buildSettings = {
				ASSETCATALOG_COMPILER_APPICON_NAME = AppIcon;
				ASSETCATALOG_COMPILER_GLOBAL_ACCENT_COLOR_NAME = AccentColor;
				CODE_SIGN_STYLE = Automatic;
				CURRENT_PROJECT_VERSION = 1;
				DEVELOPMENT_ASSET_PATHS = "\"SwiftDay5Basics/Preview Content\"";
				ENABLE_PREVIEWS = YES;
				GENERATE_INFOPLIST_FILE = YES;
				INFOPLIST_KEY_UIApplicationSceneManifest_Generation = YES;
				INFOPLIST_KEY_UIApplicationSupportsIndirectInputEvents = YES;
				INFOPLIST_KEY_UILaunchScreen_Generation = YES;
				INFOPLIST_KEY_UISupportedInterfaceOrientations_iPad = "UIInterfaceOrientationPortrait UIInterfaceOrientationPortraitUpsideDown UIInterfaceOrientationLandscapeLeft UIInterfaceOrientationLandscapeRight";
				INFOPLIST_KEY_UISupportedInterfaceOrientations_iPhone = "UIInterfaceOrientationPortrait UIInterfaceOrientationLandscapeLeft UIInterfaceOrientationLandscapeRight";
				LD_RUNPATH_SEARCH_PATHS = (
					"$(inherited)",
					"@executable_path/Frameworks",
				);
				MARKETING_VERSION = 1.0;
				PRODUCT_BUNDLE_IDENTIFIER = bibek.SwiftDay5Basics;
				PRODUCT_NAME = "$(TARGET_NAME)";
				SWIFT_EMIT_LOC_STRINGS = YES;
				SWIFT_VERSION = 5.0;
				TARGETED_DEVICE_FAMILY = "1,2";
			};
			name = Debug;
		};
		604816392CBE56B1009D37EA /* Release */ = {
			isa = XCBuildConfiguration;
			buildSettings = {
				ASSETCATALOG_COMPILER_APPICON_NAME = AppIcon;
				ASSETCATALOG_COMPILER_GLOBAL_ACCENT_COLOR_NAME = AccentColor;
				CODE_SIGN_STYLE = Automatic;
				CURRENT_PROJECT_VERSION = 1;
				DEVELOPMENT_ASSET_PATHS = "\"SwiftDay5Basics/Preview Content\"";
				ENABLE_PREVIEWS = YES;
				GENERATE_INFOPLIST_FILE = YES;
				INFOPLIST_KEY_UIApplicationSceneManifest_Generation = YES;
				INFOPLIST_KEY_UIApplicationSupportsIndirectInputEvents = YES;
				INFOPLIST_KEY_UILaunchScreen_Generation = YES;
				INFOPLIST_KEY_UISupportedInterfaceOrientations_iPad = "UIInterfaceOrientationPortrait UIInterfaceOrientationPortraitUpsideDown UIInterfaceOrientationLandscapeLeft UIInterfaceOrientationLandscapeRight";
				INFOPLIST_KEY_UISupportedInterfaceOrientations_iPhone = "UIInterfaceOrientationPortrait UIInterfaceOrientationLandscapeLeft UIInterfaceOrientationLandscapeRight";
				LD_RUNPATH_SEARCH_PATHS = (
					"$(inherited)",
					"@executable_path/Frameworks",
				);
				MARKETING_VERSION = 1.0;
				PRODUCT_BUNDLE_IDENTIFIER = bibek.SwiftDay5Basics;
				PRODUCT_NAME = "$(TARGET_NAME)";
				SWIFT_EMIT_LOC_STRINGS = YES;
				SWIFT_VERSION = 5.0;
				TARGETED_DEVICE_FAMILY = "1,2";
			};
			name = Release;
		};
		6048163B2CBE56B1009D37EA /* Debug */ = {
			isa = XCBuildConfiguration;
			buildSettings = {
				BUNDLE_LOADER = "$(TEST_HOST)";
				CODE_SIGN_STYLE = Automatic;
				CURRENT_PROJECT_VERSION = 1;
				GENERATE_INFOPLIST_FILE = YES;
				IPHONEOS_DEPLOYMENT_TARGET = 18.0;
				MARKETING_VERSION = 1.0;
				PRODUCT_BUNDLE_IDENTIFIER = bibek.SwiftDay5BasicsTests;
				PRODUCT_NAME = "$(TARGET_NAME)";
				SWIFT_EMIT_LOC_STRINGS = NO;
				SWIFT_VERSION = 5.0;
				TARGETED_DEVICE_FAMILY = "1,2";
				TEST_HOST = "$(BUILT_PRODUCTS_DIR)/SwiftDay5Basics.app/$(BUNDLE_EXECUTABLE_FOLDER_PATH)/SwiftDay5Basics";
			};
			name = Debug;
		};
		6048163C2CBE56B1009D37EA /* Release */ = {
			isa = XCBuildConfiguration;
			buildSettings = {
				BUNDLE_LOADER = "$(TEST_HOST)";
				CODE_SIGN_STYLE = Automatic;
				CURRENT_PROJECT_VERSION = 1;
				GENERATE_INFOPLIST_FILE = YES;
				IPHONEOS_DEPLOYMENT_TARGET = 18.0;
				MARKETING_VERSION = 1.0;
				PRODUCT_BUNDLE_IDENTIFIER = bibek.SwiftDay5BasicsTests;
				PRODUCT_NAME = "$(TARGET_NAME)";
				SWIFT_EMIT_LOC_STRINGS = NO;
				SWIFT_VERSION = 5.0;
				TARGETED_DEVICE_FAMILY = "1,2";
				TEST_HOST = "$(BUILT_PRODUCTS_DIR)/SwiftDay5Basics.app/$(BUNDLE_EXECUTABLE_FOLDER_PATH)/SwiftDay5Basics";
			};
			name = Release;
		};
		6048163E2CBE56B1009D37EA /* Debug */ = {
			isa = XCBuildConfiguration;
			buildSettings = {
				CODE_SIGN_STYLE = Automatic;
				CURRENT_PROJECT_VERSION = 1;
				GENERATE_INFOPLIST_FILE = YES;
				MARKETING_VERSION = 1.0;
				PRODUCT_BUNDLE_IDENTIFIER = bibek.SwiftDay5BasicsUITests;
				PRODUCT_NAME = "$(TARGET_NAME)";
				SWIFT_EMIT_LOC_STRINGS = NO;
				SWIFT_VERSION = 5.0;
				TARGETED_DEVICE_FAMILY = "1,2";
				TEST_TARGET_NAME = SwiftDay5Basics;
			};
			name = Debug;
		};
		6048163F2CBE56B1009D37EA /* Release */ = {
			isa = XCBuildConfiguration;
			buildSettings = {
				CODE_SIGN_STYLE = Automatic;
				CURRENT_PROJECT_VERSION = 1;
				GENERATE_INFOPLIST_FILE = YES;
				MARKETING_VERSION = 1.0;
				PRODUCT_BUNDLE_IDENTIFIER = bibek.SwiftDay5BasicsUITests;
				PRODUCT_NAME = "$(TARGET_NAME)";
				SWIFT_EMIT_LOC_STRINGS = NO;
				SWIFT_VERSION = 5.0;
				TARGETED_DEVICE_FAMILY = "1,2";
				TEST_TARGET_NAME = SwiftDay5Basics;
			};
			name = Release;
		};
/* End XCBuildConfiguration section */

/* Begin XCConfigurationList section */
		6048160E2CBE56AF009D37EA /* Build configuration list for PBXProject "SwiftDay5Basics" */ = {
			isa = XCConfigurationList;
			buildConfigurations = (
				604816352CBE56B1009D37EA /* Debug */,
				604816362CBE56B1009D37EA /* Release */,
			);
			defaultConfigurationIsVisible = 0;
			defaultConfigurationName = Release;
		};
		604816372CBE56B1009D37EA /* Build configuration list for PBXNativeTarget "SwiftDay5Basics" */ = {
			isa = XCConfigurationList;
			buildConfigurations = (
				604816382CBE56B1009D37EA /* Debug */,
				604816392CBE56B1009D37EA /* Release */,
			);
			defaultConfigurationIsVisible = 0;
			defaultConfigurationName = Release;
		};
		6048163A2CBE56B1009D37EA /* Build configuration list for PBXNativeTarget "SwiftDay5BasicsTests" */ = {
			isa = XCConfigurationList;
			buildConfigurations = (
				6048163B2CBE56B1009D37EA /* Debug */,
				6048163C2CBE56B1009D37EA /* Release */,
			);
			defaultConfigurationIsVisible = 0;
			defaultConfigurationName = Release;
		};
		6048163D2CBE56B1009D37EA /* Build configuration list for PBXNativeTarget "SwiftDay5BasicsUITests" */ = {
			isa = XCConfigurationList;
			buildConfigurations = (
				6048163E2CBE56B1009D37EA /* Debug */,
				6048163F2CBE56B1009D37EA /* Release */,
			);
			defaultConfigurationIsVisible = 0;
			defaultConfigurationName = Release;
		};
/* End XCConfigurationList section */
	};
	rootObject = 6048160B2CBE56AF009D37EA /* Project object */;
}
